{
  "originHash" : "6e7b0f2f36fa5a267e8850d23a8afeeef8ab6eca2b612a13d35b61f1efea3dc8",
  "pins" : [
    {
      "identity" : "fmp4_parser_swift_package",
      "kind" : "remoteSourceControl",
      "location" : "https://github.com/giapdeviscool/fmp4_parser_swift_package.git",
      "state" : {
        "revision" : "6f35ea2c3117f00f6f21d92bd9784c53e96b3554",
        "version" : "1.0.0"
      }
    }
  ],
  "version" : 3
}
